
Microsoft Visual Studio Solution File, Format Version 12.00
# Visual Studio Version 16
VisualStudioVersion = 16.0.29911.84
MinimumVisualStudioVersion = 10.0.40219.1
Project("{9A19103F-16F7-4668-BE54-9A1E7A4F7556}") = "TravelExperts.Team1.WebApp", "TravelExperts.Team1.WebApp\TravelExperts.Team1.WebApp.csproj", "{9F8AD36B-AB22-46BA-BCFB-ED824011AB0D}"
EndProject
Project("{FAE04EC0-301F-11D3-BF4B-00C04F79EFBC}") = "WPFApp", "WPFApp\WPFApp.csproj", "{B3BBB0BB-63BB-426D-82E4-726E262A1B42}"
EndProject
Global
	GlobalSection(SolutionConfigurationPlatforms) = preSolution
		Debug|Any CPU = Debug|Any CPU
		Release|Any CPU = Release|Any CPU
	EndGlobalSection
	GlobalSection(ProjectConfigurationPlatforms) = postSolution
		{9F8AD36B-AB22-46BA-BCFB-ED824011AB0D}.Debug|Any CPU.ActiveCfg = Debug|Any CPU
		{9F8AD36B-AB22-46BA-BCFB-ED824011AB0D}.Debug|Any CPU.Build.0 = Debug|Any CPU
		{9F8AD36B-AB22-46BA-BCFB-ED824011AB0D}.Release|Any CPU.ActiveCfg = Release|Any CPU
		{9F8AD36B-AB22-46BA-BCFB-ED824011AB0D}.Release|Any CPU.Build.0 = Release|Any CPU
		{B3BBB0BB-63BB-426D-82E4-726E262A1B42}.Debug|Any CPU.ActiveCfg = Debug|Any CPU
		{B3BBB0BB-63BB-426D-82E4-726E262A1B42}.Debug|Any CPU.Build.0 = Debug|Any CPU
		{B3BBB0BB-63BB-426D-82E4-726E262A1B42}.Release|Any CPU.ActiveCfg = Release|Any CPU
		{B3BBB0BB-63BB-426D-82E4-726E262A1B42}.Release|Any CPU.Build.0 = Release|Any CPU
	EndGlobalSection
	GlobalSection(SolutionProperties) = preSolution
		HideSolutionNode = FALSE
	EndGlobalSection
	GlobalSection(ExtensibilityGlobals) = postSolution
		SolutionGuid = {3694803F-F3C0-416F-9BCB-A270CD1C5945}
	EndGlobalSection
EndGlobal
