
Microsoft Visual Studio Solution File, Format Version 12.00
# Visual Studio Version 16
VisualStudioVersion = 16.0.29911.84
MinimumVisualStudioVersion = 10.0.40219.1
Project("{FAE04EC0-301F-11D3-BF4B-00C04F79EFBC}") = "WPFApp_Cloud", "WPFApp_Cloud\WPFApp_Cloud.csproj", "{5F1ED470-A7C9-4102-8DC9-61955AD76DAC}"
EndProject
Global
	GlobalSection(SolutionConfigurationPlatforms) = preSolution
		Debug|Any CPU = Debug|Any CPU
		Release|Any CPU = Release|Any CPU
	EndGlobalSection
	GlobalSection(ProjectConfigurationPlatforms) = postSolution
		{5F1ED470-A7C9-4102-8DC9-61955AD76DAC}.Debug|Any CPU.ActiveCfg = Debug|Any CPU
		{5F1ED470-A7C9-4102-8DC9-61955AD76DAC}.Debug|Any CPU.Build.0 = Debug|Any CPU
		{5F1ED470-A7C9-4102-8DC9-61955AD76DAC}.Release|Any CPU.ActiveCfg = Release|Any CPU
		{5F1ED470-A7C9-4102-8DC9-61955AD76DAC}.Release|Any CPU.Build.0 = Release|Any CPU
	EndGlobalSection
	GlobalSection(SolutionProperties) = preSolution
		HideSolutionNode = FALSE
	EndGlobalSection
	GlobalSection(ExtensibilityGlobals) = postSolution
		SolutionGuid = {BEE6D678-D116-4A9B-8961-C7A5505D824D}
	EndGlobalSection
EndGlobal
